
Microsoft Visual Studio Solution File, Format Version 12.00
# Visual Studio Version 17
VisualStudioVersion = 17.0.31919.166
MinimumVisualStudioVersion = 10.0.40219.1
Project("{FAE04EC0-301F-11D3-BF4B-00C04F79EFBC}") = "EnumValueOptionsApp", "EnumValueOptionsApp\EnumValueOptionsApp.csproj", "{75C7EB2D-71C5-439C-A552-B92706D0A783}"
EndProject
Project("{FAE04EC0-301F-11D3-BF4B-00C04F79EFBC}") = "EnumValueOptionsGenerator", "EnumValueOptionsGenerator\EnumValueOptionsGenerator.csproj", "{A62A1A38-220E-4B60-8B14-BEF96DB93B65}"
EndProject
Global
	GlobalSection(SolutionConfigurationPlatforms) = preSolution
		Debug|Any CPU = Debug|Any CPU
		Release|Any CPU = Release|Any CPU
	EndGlobalSection
	GlobalSection(ProjectConfigurationPlatforms) = postSolution
		{75C7EB2D-71C5-439C-A552-B92706D0A783}.Debug|Any CPU.ActiveCfg = Debug|Any CPU
		{75C7EB2D-71C5-439C-A552-B92706D0A783}.Debug|Any CPU.Build.0 = Debug|Any CPU
		{75C7EB2D-71C5-439C-A552-B92706D0A783}.Release|Any CPU.ActiveCfg = Release|Any CPU
		{75C7EB2D-71C5-439C-A552-B92706D0A783}.Release|Any CPU.Build.0 = Release|Any CPU
		{A62A1A38-220E-4B60-8B14-BEF96DB93B65}.Debug|Any CPU.ActiveCfg = Debug|Any CPU
		{A62A1A38-220E-4B60-8B14-BEF96DB93B65}.Debug|Any CPU.Build.0 = Debug|Any CPU
		{A62A1A38-220E-4B60-8B14-BEF96DB93B65}.Release|Any CPU.ActiveCfg = Release|Any CPU
		{A62A1A38-220E-4B60-8B14-BEF96DB93B65}.Release|Any CPU.Build.0 = Release|Any CPU
	EndGlobalSection
	GlobalSection(SolutionProperties) = preSolution
		HideSolutionNode = FALSE
	EndGlobalSection
	GlobalSection(ExtensibilityGlobals) = postSolution
		SolutionGuid = {E5CA591D-D97E-471B-923A-E5EE7FA2804E}
	EndGlobalSection
EndGlobal
